{
  "name": "polymer-starter-kit",
  "requires": true,
  "lockfileVersion": 1,
  "dependencies": {
    "@polymer/app-layout": {
      "version": "3.0.0-pre.19",
      "resolved": "https://registry.npmjs.org/@polymer/app-layout/-/app-layout-3.0.0-pre.19.tgz",
      "integrity": "sha512-muzusDvipeLZL7VFf+15EzpFXrHDFZOPtZyV4pohVZMSdPtGpmwVDWaAORmAveBClkFG4oZ7iPSCglYkA6zpOg==",
      "requires": {
        "@polymer/iron-flex-layout": "^3.0.0-pre.19",
        "@polymer/iron-media-query": "^3.0.0-pre.19",
        "@polymer/iron-resizable-behavior": "^3.0.0-pre.19",
        "@polymer/iron-scroll-target-behavior": "^3.0.0-pre.19",
        "@polymer/polymer": "^3.0.0"
      }
    },
    "@polymer/app-route": {
      "version": "3.0.0-pre.19",
      "resolved": "https://registry.npmjs.org/@polymer/app-route/-/app-route-3.0.0-pre.19.tgz",
      "integrity": "sha512-8We/XORM1J7YIiAE2mUoMhPn9AVXDtOdyBrcVChEKPvIswuozKsCnBZA6rCFWPWyvmT+td40obhb92rRgMZPUQ==",
      "requires": {
        "@polymer/iron-location": "^3.0.0-pre.19",
        "@polymer/polymer": "^3.0.0"
      }
    },
    "@polymer/font-roboto": {
      "version": "3.0.0-pre.19",
      "resolved": "https://registry.npmjs.org/@polymer/font-roboto/-/font-roboto-3.0.0-pre.19.tgz",
      "integrity": "sha512-brLUbgLGzBVNlmHhpDHnWdPI6KNkHmTjtX+82dvHpeuUjPsey2uH4fFofWC+m29/yxY+GH5RGv493AfRUDcokQ=="
    },
    "@polymer/iron-a11y-announcer": {
      "version": "3.0.0-pre.19",
      "resolved": "https://registry.npmjs.org/@polymer/iron-a11y-announcer/-/iron-a11y-announcer-3.0.0-pre.19.tgz",
      "integrity": "sha512-iKD9eOlMkxZvvdd1QiwqsWQhrvbOsSF2KpjydbZjr6J+e2ADITyvN8TYocTm9ekqwmV90slF6YWWLuF3JO0OWQ==",
      "requires": {
        "@polymer/polymer": "^3.0.0"
      }
    },
    "@polymer/iron-a11y-keys-behavior": {
      "version": "3.0.0-pre.19",
      "resolved": "https://registry.npmjs.org/@polymer/iron-a11y-keys-behavior/-/iron-a11y-keys-behavior-3.0.0-pre.19.tgz",
      "integrity": "sha512-jti4YDsjxTny2AJJxAQ89Gwq7+AMblOZLWBOQiciqDuRdj+nEelf227DAUwIejoII6cYQCV/Knw+Qit5zZx2kQ==",
      "requires": {
        "@polymer/polymer": "^3.0.0"
      }
    },
    "@polymer/iron-autogrow-textarea": {
      "version": "3.0.0-pre.19",
      "resolved": "https://registry.npmjs.org/@polymer/iron-autogrow-textarea/-/iron-autogrow-textarea-3.0.0-pre.19.tgz",
      "integrity": "sha512-YXVvjy+abONSUUIzUCV117sV9QJ8G2FB8Wbuup80o3eEfdhRtj2cz1QaUhIZZw2pUFJRTI8R4D2sC0wtGB/wow==",
      "requires": {
        "@polymer/iron-behaviors": "^3.0.0-pre.19",
        "@polymer/iron-flex-layout": "^3.0.0-pre.19",
        "@polymer/iron-validatable-behavior": "^3.0.0-pre.19",
        "@polymer/polymer": "^3.0.0"
      }
    },
    "@polymer/iron-behaviors": {
      "version": "3.0.0-pre.19",
      "resolved": "https://registry.npmjs.org/@polymer/iron-behaviors/-/iron-behaviors-3.0.0-pre.19.tgz",
      "integrity": "sha512-pxiCO2sN5by1Xmx9aVG9+t/Mpx7HRVXPUt1Aj8qxgF6lE+LlkiHWtOkl1WYqeun1F4Yh38x5LztWnCUvxe5sEw==",
      "requires": {
        "@polymer/iron-a11y-keys-behavior": "^3.0.0-pre.19",
        "@polymer/polymer": "^3.0.0"
      }
    },
    "@polymer/iron-checked-element-behavior": {
      "version": "3.0.0-pre.19",
      "resolved": "https://registry.npmjs.org/@polymer/iron-checked-element-behavior/-/iron-checked-element-behavior-3.0.0-pre.19.tgz",
      "integrity": "sha512-NEEaAhjtGvSffeqep2a0GXpTqc0K3wcgO1lR5NAMOQjNcnbh62twdkTPJyw1EGs9l+PL0IpepUAYTOI305MWXg==",
      "requires": {
        "@polymer/iron-form-element-behavior": "^3.0.0-pre.19",
        "@polymer/iron-validatable-behavior": "^3.0.0-pre.19",
        "@polymer/polymer": "^3.0.0"
      }
    },
    "@polymer/iron-dropdown": {
      "version": "3.0.0-pre.19",
      "resolved": "https://registry.npmjs.org/@polymer/iron-dropdown/-/iron-dropdown-3.0.0-pre.19.tgz",
      "integrity": "sha512-V1wtiiRK2OJpHoUOkrmbrcvlG6pclpeGACSrjvi9bf1ikFwgW1+81mRufQySTa3Z5Wk5y/SBOGIZNsVoR8i38Q==",
      "requires": {
        "@polymer/iron-behaviors": "^3.0.0-pre.19",
        "@polymer/iron-overlay-behavior": "^3.0.0-pre.19",
        "@polymer/neon-animation": "^3.0.0-pre.19",
        "@polymer/polymer": "^3.0.0"
      }
    },
    "@polymer/iron-fit-behavior": {
      "version": "3.0.0-pre.19",
      "resolved": "https://registry.npmjs.org/@polymer/iron-fit-behavior/-/iron-fit-behavior-3.0.0-pre.19.tgz",
      "integrity": "sha512-GH4az4Khfd5Zhan097ho5Nnkoemp+ZpehZY2kjLB4YqXDvzh9iy+WL5oLQQEvdedQrlFn5JG0a+NRj65hukprw==",
      "requires": {
        "@polymer/polymer": "^3.0.0"
      }
    },
    "@polymer/iron-flex-layout": {
      "version": "3.0.0-pre.19",
      "resolved": "https://registry.npmjs.org/@polymer/iron-flex-layout/-/iron-flex-layout-3.0.0-pre.19.tgz",
      "integrity": "sha512-EZ25vUjmZXLc0hKJj338Ec1fQwemBsfe+Zo5d6ThzJzoSq72uGlZ8deLYNiAhIw6UZZxWttXcN6c/2kZ4qV18A==",
      "requires": {
        "@polymer/polymer": "^3.0.0"
      }
    },
    "@polymer/iron-form-element-behavior": {
      "version": "3.0.0-pre.19",
      "resolved": "https://registry.npmjs.org/@polymer/iron-form-element-behavior/-/iron-form-element-behavior-3.0.0-pre.19.tgz",
      "integrity": "sha512-ZiJ65MFcuFk2kJZqgY8ogspeV8mcrhlIOkwSaT/RWkhakeQ5WZ3++jhmjmNVQqUbYBPr0eLtZQp/TqGjd1UGyg==",
      "requires": {
        "@polymer/polymer": "^3.0.0"
      }
    },
    "@polymer/iron-icon": {
      "version": "3.0.0-pre.19",
      "resolved": "https://registry.npmjs.org/@polymer/iron-icon/-/iron-icon-3.0.0-pre.19.tgz",
      "integrity": "sha512-bXL8xib8qoX/R91iAWp69lgwZa+S6lGPMmqIU4H6iFn2o5N9MlNppP45oyxgxm7OX6XNa7RMMTfKyQ2y9wcLoQ==",
      "requires": {
        "@polymer/iron-flex-layout": "^3.0.0-pre.19",
        "@polymer/iron-meta": "^3.0.0-pre.19",
        "@polymer/polymer": "^3.0.0"
      }
    },
    "@polymer/iron-icons": {
      "version": "3.0.0-pre.19",
      "resolved": "https://registry.npmjs.org/@polymer/iron-icons/-/iron-icons-3.0.0-pre.19.tgz",
      "integrity": "sha512-mHHtyeDQVjALgRMogLIAOpdMQoa3it2f+xWH+C2trZDlJH7BNILX2Aq9qQlxf1EJFTwbWQJOCVc06XdkD451mQ==",
      "requires": {
        "@polymer/iron-icon": "^3.0.0-pre.19",
        "@polymer/iron-iconset-svg": "^3.0.0-pre.19",
        "@polymer/polymer": "^3.0.0"
      }
    },
    "@polymer/iron-iconset-svg": {
      "version": "3.0.0-pre.19",
      "resolved": "https://registry.npmjs.org/@polymer/iron-iconset-svg/-/iron-iconset-svg-3.0.0-pre.19.tgz",
      "integrity": "sha512-3MvRYvcbx/fkrFlGDVpPoUqX0l87EbNJT4Uaj36ZjMo/TbWtfZ8tYSaM/tWqhPnOLTjQgDNpWkVq3mEwLFIljg==",
      "requires": {
        "@polymer/iron-meta": "^3.0.0-pre.19",
        "@polymer/polymer": "^3.0.0"
      }
    },
    "@polymer/iron-input": {
      "version": "3.0.0-pre.19",
      "resolved": "https://registry.npmjs.org/@polymer/iron-input/-/iron-input-3.0.0-pre.19.tgz",
      "integrity": "sha512-uqG85u5j4Ca0mbCHqBZUKT9w708BkKWE9heq38pg2qavAPMp//duxfhkaC8HUyl4krqTl+U92U/Ss9g3GYjRkg==",
      "requires": {
        "@polymer/iron-a11y-announcer": "^3.0.0-pre.19",
        "@polymer/iron-validatable-behavior": "^3.0.0-pre.19",
        "@polymer/polymer": "^3.0.0"
      }
    },
    "@polymer/iron-location": {
      "version": "3.0.0-pre.19",
      "resolved": "https://registry.npmjs.org/@polymer/iron-location/-/iron-location-3.0.0-pre.19.tgz",
      "integrity": "sha512-VGL1TGrnSPXmbMtHo2pazY8fhg3lKLGC6pOeMdwk8fMHDurfO7atVHjlcVLKrCDB7L38rqNN+af6HRSCrHJ7/A==",
      "requires": {
        "@polymer/polymer": "^3.0.0"
      }
    },
    "@polymer/iron-media-query": {
      "version": "3.0.0-pre.19",
      "resolved": "https://registry.npmjs.org/@polymer/iron-media-query/-/iron-media-query-3.0.0-pre.19.tgz",
      "integrity": "sha512-VDLSE5b0XoR2tj4cXiwW+eKELAaS6kilJWBmScwHsB5xQ8SnU/6ArfpJYFd9gNROFid9c632ldfmP863wwLJ1g==",
      "requires": {
        "@polymer/polymer": "^3.0.0"
      }
    },
    "@polymer/iron-menu-behavior": {
      "version": "3.0.0-pre.19",
      "resolved": "https://registry.npmjs.org/@polymer/iron-menu-behavior/-/iron-menu-behavior-3.0.0-pre.19.tgz",
      "integrity": "sha512-sbVkmOk86lnuiBNtKsBjfPjbMcflpzXbaLIPH310oXlsJcRAzesIoYsCyMZgqlynPcv9w50xkKuCzxx9FE3Ktw==",
      "requires": {
        "@polymer/iron-a11y-keys-behavior": "^3.0.0-pre.19",
        "@polymer/iron-flex-layout": "^3.0.0-pre.19",
        "@polymer/iron-selector": "^3.0.0-pre.19",
        "@polymer/polymer": "^3.0.0"
      }
    },
    "@polymer/iron-meta": {
      "version": "3.0.0-pre.19",
      "resolved": "https://registry.npmjs.org/@polymer/iron-meta/-/iron-meta-3.0.0-pre.19.tgz",
      "integrity": "sha512-rZk6W37srfnB1MqlYq3sbg/mZiGSYf/xpjc7xf7uJUUvX+oe0o65o4T4b1BwthVE6uqffO43p2MjFt2kDXDrjA==",
      "requires": {
        "@polymer/polymer": "^3.0.0"
      }
    },
    "@polymer/iron-overlay-behavior": {
      "version": "3.0.0-pre.19",
      "resolved": "https://registry.npmjs.org/@polymer/iron-overlay-behavior/-/iron-overlay-behavior-3.0.0-pre.19.tgz",
      "integrity": "sha512-7VvDvXpoYaK2mTBkWZKXY/K8obE0daWe+IgvX97yNzcrmgdPZ/18FtWmiAP/Mefo5crHYfBSI/UJxDFR3C7U/A==",
      "requires": {
        "@polymer/iron-a11y-keys-behavior": "^3.0.0-pre.19",
        "@polymer/iron-fit-behavior": "^3.0.0-pre.19",
        "@polymer/iron-resizable-behavior": "^3.0.0-pre.19",
        "@polymer/polymer": "^3.0.0"
      }
    },
    "@polymer/iron-pages": {
      "version": "3.0.0-pre.19",
      "resolved": "https://registry.npmjs.org/@polymer/iron-pages/-/iron-pages-3.0.0-pre.19.tgz",
      "integrity": "sha512-ZqyLpHZ7xRpwcDPBZ50gbfjIMMDscPC5SrXgBpigaKUzk7glgEP1Xg8awym+bUX4laQ4ePDM56PJj5hlCdZxnQ==",
      "requires": {
        "@polymer/iron-resizable-behavior": "^3.0.0-pre.19",
        "@polymer/iron-selector": "^3.0.0-pre.19",
        "@polymer/polymer": "^3.0.0"
      }
    },
    "@polymer/iron-resizable-behavior": {
      "version": "3.0.0-pre.19",
      "resolved": "https://registry.npmjs.org/@polymer/iron-resizable-behavior/-/iron-resizable-behavior-3.0.0-pre.19.tgz",
      "integrity": "sha512-lEpkbPPYtxMLW0SYTRxblHqvTus9M0VAhRTYA1ctz22vi06JrlBdE7NizA9hQwYLpaWU/vibGBJ7afaP/AM3Tg==",
      "requires": {
        "@polymer/polymer": "^3.0.0"
      }
    },
    "@polymer/iron-scroll-target-behavior": {
      "version": "3.0.0-pre.19",
      "resolved": "https://registry.npmjs.org/@polymer/iron-scroll-target-behavior/-/iron-scroll-target-behavior-3.0.0-pre.19.tgz",
      "integrity": "sha512-hD/ztlrjo8aQRPey0ekJYGtE4ikysMLc0N/1vEwxlcg50LYT/BPkaepwgB598gTq02dDwGMhJr2heXusRshhzA==",
      "requires": {
        "@polymer/polymer": "^3.0.0"
      }
    },
    "@polymer/iron-selector": {
      "version": "3.0.0-pre.19",
      "resolved": "https://registry.npmjs.org/@polymer/iron-selector/-/iron-selector-3.0.0-pre.19.tgz",
      "integrity": "sha512-4rNUTXI8i+jSgNXwEbBx+XlluSBeMK/DJnHGiO1qGjtHPk5FzQ2W+QcO0SeJroCXthI/mymi2W7w1ZysduYDUg==",
      "requires": {
        "@polymer/polymer": "^3.0.0"
      }
    },
    "@polymer/iron-validatable-behavior": {
      "version": "3.0.0-pre.19",
      "resolved": "https://registry.npmjs.org/@polymer/iron-validatable-behavior/-/iron-validatable-behavior-3.0.0-pre.19.tgz",
      "integrity": "sha512-lUC48m8u4+eLxcGJbaIYr3HQepP1Bn9bVeEfrVa3PlUHVkqdj8xOYxtI2fBm1UxQpmxA+I0KWwbL9zqpD1ozuA==",
      "requires": {
        "@polymer/iron-meta": "^3.0.0-pre.19",
        "@polymer/polymer": "^3.0.0"
      }
    },
    "@polymer/neon-animation": {
      "version": "3.0.0-pre.19",
      "resolved": "https://registry.npmjs.org/@polymer/neon-animation/-/neon-animation-3.0.0-pre.19.tgz",
      "integrity": "sha512-mjvPV0BL1QaVR2hZc2UoPcJaefFCx9towNT2+cpNBW1VcMrAsX8FO28zbJO0ZGQlrUizym5ehYaYan4XCqDofg==",
      "requires": {
        "@polymer/iron-resizable-behavior": "^3.0.0-pre.19",
        "@polymer/iron-selector": "^3.0.0-pre.19",
        "@polymer/polymer": "^3.0.0"
      }
    },
    "@polymer/paper-behaviors": {
      "version": "3.0.0-pre.19",
      "resolved": "https://registry.npmjs.org/@polymer/paper-behaviors/-/paper-behaviors-3.0.0-pre.19.tgz",
      "integrity": "sha512-j3/5AstflXixK3qCInVcREEm9Wz/Ay0/xAqzKI7Hz9FvOWhsbl64f+4FJTcdaKhXpb0dXbl5hPsqsf7cN+CQOg==",
      "requires": {
        "@polymer/iron-behaviors": "^3.0.0-pre.19",
        "@polymer/iron-checked-element-behavior": "^3.0.0-pre.19",
        "@polymer/paper-ripple": "^3.0.0-pre.19",
        "@polymer/polymer": "^3.0.0"
      }
    },
    "@polymer/paper-button": {
      "version": "3.0.0-pre.19",
      "resolved": "https://registry.npmjs.org/@polymer/paper-button/-/paper-button-3.0.0-pre.19.tgz",
      "integrity": "sha512-bhjq3b4ExLhQaV7nbwXvUZNRx/hKRykAK9NAyJWWUb+9UJlA/ah41zIivSy+jO7/NzH7wFgXXWQGlcMWsJTnxg==",
      "requires": {
        "@polymer/iron-flex-layout": "^3.0.0-pre.19",
        "@polymer/paper-behaviors": "^3.0.0-pre.19",
        "@polymer/paper-styles": "^3.0.0-pre.19",
        "@polymer/polymer": "^3.0.0"
      }
    },
    "@polymer/paper-checkbox": {
      "version": "3.0.0-pre.19",
      "resolved": "https://registry.npmjs.org/@polymer/paper-checkbox/-/paper-checkbox-3.0.0-pre.19.tgz",
      "integrity": "sha512-A7F5s5J3a4UTFtykB3Z3WUIK/1kSKTh8t4ef+wXtfXe7ME8RTZKlqgCmWS75cSLWjg7S/Pu9KKAszqcMWmf81w==",
      "requires": {
        "@polymer/iron-a11y-keys-behavior": "^3.0.0-pre.19",
        "@polymer/iron-checked-element-behavior": "^3.0.0-pre.19",
        "@polymer/paper-behaviors": "^3.0.0-pre.19",
        "@polymer/paper-ripple": "^3.0.0-pre.19",
        "@polymer/paper-styles": "^3.0.0-pre.19",
        "@polymer/polymer": "^3.0.0"
      }
    },
    "@polymer/paper-dialog": {
      "version": "3.0.0-pre.19",
      "resolved": "https://registry.npmjs.org/@polymer/paper-dialog/-/paper-dialog-3.0.0-pre.19.tgz",
      "integrity": "sha512-rnKOGN8l2Eeux9eojJjJ0LmoWbibZ97YokFR1lPolh76lZO98en3oiRZH2zWOHDTOHfT4kCVXWULfqFvjxJAdg==",
      "requires": {
        "@polymer/iron-overlay-behavior": "^3.0.0-pre.19",
        "@polymer/neon-animation": "^3.0.0-pre.19",
        "@polymer/paper-dialog-behavior": "^3.0.0-pre.19",
        "@polymer/polymer": "^3.0.0"
      }
    },
    "@polymer/paper-dialog-behavior": {
      "version": "3.0.0-pre.19",
      "resolved": "https://registry.npmjs.org/@polymer/paper-dialog-behavior/-/paper-dialog-behavior-3.0.0-pre.19.tgz",
      "integrity": "sha512-9mCFJG2rsH6dFnCvDKNICKLNmOKAZthiZUbT3UEfDA6G0bhXJTxbaEmdrdy9Zskcby8+mNWMta99VFgZoxXkxw==",
      "requires": {
        "@polymer/iron-overlay-behavior": "^3.0.0-pre.19",
        "@polymer/paper-styles": "^3.0.0-pre.19",
        "@polymer/polymer": "^3.0.0"
      }
    },
    "@polymer/paper-dialog-scrollable": {
      "version": "3.0.0-pre.19",
      "resolved": "https://registry.npmjs.org/@polymer/paper-dialog-scrollable/-/paper-dialog-scrollable-3.0.0-pre.19.tgz",
      "integrity": "sha512-Cl02Xk4BX8YAcmGtImfqvjCxiQuK5ElaWf5wKgnfEAL5oXVogFRfX2n8nyoMHWwYBGwFEllW2aeqHMEdJK1Thg==",
      "requires": {
        "@polymer/iron-flex-layout": "^3.0.0-pre.19",
        "@polymer/paper-dialog-behavior": "^3.0.0-pre.19",
        "@polymer/paper-styles": "^3.0.0-pre.19",
        "@polymer/polymer": "^3.0.0"
      }
    },
    "@polymer/paper-icon-button": {
      "version": "3.0.0-pre.19",
      "resolved": "https://registry.npmjs.org/@polymer/paper-icon-button/-/paper-icon-button-3.0.0-pre.19.tgz",
      "integrity": "sha512-BoV8vMtI1fGWKFa7dLcMJ1w6s7saEgzeOfpZDd+wtl2IrE4LSdo5C/kcMFDJz28f67ixXQUsKb/MwKPpRfaA6A==",
      "requires": {
        "@polymer/iron-icon": "^3.0.0-pre.19",
        "@polymer/paper-behaviors": "^3.0.0-pre.19",
        "@polymer/paper-styles": "^3.0.0-pre.19",
        "@polymer/polymer": "^3.0.0"
      }
    },
    "@polymer/paper-input": {
      "version": "3.0.0-pre.19",
      "resolved": "https://registry.npmjs.org/@polymer/paper-input/-/paper-input-3.0.0-pre.19.tgz",
      "integrity": "sha512-BmzJuDMBlWSmfnITLZgs2D6iAYQC8tfbmIeWorWmzRvkPRBXcA1Cpec1NhRrylDBW1DS7RQJsh9vX0kW8lWKiQ==",
      "requires": {
        "@polymer/iron-a11y-keys-behavior": "^3.0.0-pre.19",
        "@polymer/iron-autogrow-textarea": "^3.0.0-pre.19",
        "@polymer/iron-behaviors": "^3.0.0-pre.19",
        "@polymer/iron-form-element-behavior": "^3.0.0-pre.19",
        "@polymer/iron-input": "^3.0.0-pre.19",
        "@polymer/paper-styles": "^3.0.0-pre.19",
        "@polymer/polymer": "^3.0.0"
      }
    },
    "@polymer/paper-item": {
      "version": "3.0.0-pre.19",
      "resolved": "https://registry.npmjs.org/@polymer/paper-item/-/paper-item-3.0.0-pre.19.tgz",
      "integrity": "sha512-xtKoG3Ns3vDXHkDfUaiER5L7mPotMl+EYuiveysIj4hKncnhc39bjCYwSUQdA4jDnMQOZw3nuGKi0tVWUoF4BQ==",
      "requires": {
        "@polymer/iron-behaviors": "^3.0.0-pre.19",
        "@polymer/iron-flex-layout": "^3.0.0-pre.19",
        "@polymer/paper-styles": "^3.0.0-pre.19",
        "@polymer/polymer": "^3.0.0"
      }
    },
    "@polymer/paper-listbox": {
      "version": "3.0.0-pre.19",
      "resolved": "https://registry.npmjs.org/@polymer/paper-listbox/-/paper-listbox-3.0.0-pre.19.tgz",
      "integrity": "sha512-7Bwvp0clCXnwv/KGaWnD3ZAWP35HwpjfksQePmd9wuITMl38l8EZVXm47goe8AhFlYUm5I6kN51D2b557KF4tA==",
      "requires": {
        "@polymer/iron-behaviors": "^3.0.0-pre.19",
        "@polymer/iron-menu-behavior": "^3.0.0-pre.19",
        "@polymer/paper-styles": "^3.0.0-pre.19",
        "@polymer/polymer": "^3.0.0"
      }
    },
    "@polymer/paper-menu-button": {
      "version": "3.0.0-pre.19",
      "resolved": "https://registry.npmjs.org/@polymer/paper-menu-button/-/paper-menu-button-3.0.0-pre.19.tgz",
      "integrity": "sha512-DxYq6FHlTDFS5zh2QcSDfT+3IwnXpc9Y0TSiRZpbzFWmgpe4/t/wF3FwCIbOcNzmSSiuSbFzxWnsFOrzJ9MDqA==",
      "requires": {
        "@polymer/iron-a11y-keys-behavior": "^3.0.0-pre.19",
        "@polymer/iron-behaviors": "^3.0.0-pre.19",
        "@polymer/iron-dropdown": "^3.0.0-pre.19",
        "@polymer/iron-fit-behavior": "^3.0.0-pre.19",
        "@polymer/neon-animation": "^3.0.0-pre.19",
        "@polymer/paper-styles": "^3.0.0-pre.19",
        "@polymer/polymer": "^3.0.0"
      }
    },
    "@polymer/paper-ripple": {
      "version": "3.0.0-pre.19",
      "resolved": "https://registry.npmjs.org/@polymer/paper-ripple/-/paper-ripple-3.0.0-pre.19.tgz",
      "integrity": "sha512-VpaTIVf8p39ARrUffeXv+C8xCKpM9tZdVlkYBXrvvHe1ERO995BW8i71p34yarYJccbl2SZq1qhdiNLZALqTNw==",
      "requires": {
        "@polymer/iron-a11y-keys-behavior": "^3.0.0-pre.19",
        "@polymer/polymer": "^3.0.0"
      }
    },
    "@polymer/paper-spinner": {
      "version": "3.0.0-pre.19",
      "resolved": "https://registry.npmjs.org/@polymer/paper-spinner/-/paper-spinner-3.0.0-pre.19.tgz",
      "integrity": "sha512-ZPbTZRZBYTL8jUqoFYkDzFRMT4wlM4REgJVV3cTf2CNWcdNNKiZt6ynJyEgjZwl2NBD+RL+x6NkrWO5cVuH37Q==",
      "requires": {
        "@polymer/paper-styles": "^3.0.0-pre.19",
        "@polymer/polymer": "^3.0.0"
      }
    },
    "@polymer/paper-styles": {
      "version": "3.0.0-pre.19",
      "resolved": "https://registry.npmjs.org/@polymer/paper-styles/-/paper-styles-3.0.0-pre.19.tgz",
      "integrity": "sha512-ASspmHr6GJjDiPxOVsqR2mFSQim13nGy03iLeyBXxX9QQa1rXI6r16/HShBvg8MrncQSRRUHqkFCfRWO3CKpwA==",
      "requires": {
        "@polymer/font-roboto": "^3.0.0-pre.19",
        "@polymer/iron-flex-layout": "^3.0.0-pre.19",
        "@polymer/polymer": "^3.0.0"
      }
    },
    "@polymer/paper-toast": {
      "version": "3.0.0-pre.19",
      "resolved": "https://registry.npmjs.org/@polymer/paper-toast/-/paper-toast-3.0.0-pre.19.tgz",
      "integrity": "sha512-937Em4fYEsGwULLlTgC2HJWR1N+gGLdjLQdYwhM+06+uidA5nUoxgJHXyTLgx7JVwvY5/d1NNg1DAHCriKeARw==",
      "requires": {
        "@polymer/iron-a11y-announcer": "^3.0.0-pre.19",
        "@polymer/iron-fit-behavior": "^3.0.0-pre.19",
        "@polymer/iron-overlay-behavior": "^3.0.0-pre.19",
        "@polymer/polymer": "^3.0.0"
      }
    },
    "@polymer/polymer": {
      "version": "3.0.2",
      "resolved": "https://registry.npmjs.org/@polymer/polymer/-/polymer-3.0.2.tgz",
      "integrity": "sha512-ow8AAjTe9ps8bantY9IvL0PT+xHf5VN3Cjahfr7gBJAc0lv3jTwGBv7pso65SHyrUJEEHeakhx6iPMl7qY4tfw==",
      "requires": {
        "@webcomponents/shadycss": "^1.2.0"
      }
    },
    "@vaadin/vaadin-button": {
      "version": "2.0.0-pre.4",
      "resolved": "https://registry.npmjs.org/@vaadin/vaadin-button/-/vaadin-button-2.0.0-pre.4.tgz",
      "integrity": "sha512-Cy1bI73F+G3Abd8ra9CJn9gAEWZoBsKSfls4zC98QaYI06mb0r4xrFVTqJg2FaG0s8vne7vQPWmGSLuFxJnn2w==",
      "requires": {
        "@polymer/polymer": "^3.0.0",
        "@vaadin/vaadin-control-state-mixin": "^2.0.3-pre.3",
        "@vaadin/vaadin-element-mixin": "^1.0.2-pre.3",
        "@vaadin/vaadin-lumo-styles": "^1.0.0-pre.6",
        "@vaadin/vaadin-themable-mixin": "^1.1.5-pre.3"
      }
    },
    "@vaadin/vaadin-control-state-mixin": {
      "version": "2.0.3-pre.4",
      "resolved": "https://registry.npmjs.org/@vaadin/vaadin-control-state-mixin/-/vaadin-control-state-mixin-2.0.3-pre.4.tgz",
      "integrity": "sha512-0ksmJIwoCe8zQA2ts0tWM4DQ4MSLncCqwrflVpPZ7z6gRc09/mbc9H5vzUbIqOhgAAtudxEg58plIk0ZSrIyrA==",
      "requires": {
        "@polymer/polymer": "^3.0.0"
      }
    },
    "@vaadin/vaadin-date-picker": {
      "version": "3.0.0-pre.3",
      "resolved": "https://registry.npmjs.org/@vaadin/vaadin-date-picker/-/vaadin-date-picker-3.0.0-pre.3.tgz",
      "integrity": "sha512-0XX9D6fYw0L5aq0JsQjTgIDHBIOsDHAVA2ACG+EERN1jYcrqZpLjvzkksi7M54yl7S2mSJ8MxdBQH0GjEuW6Yg==",
      "requires": {
        "@polymer/iron-a11y-announcer": "^3.0.0-pre.15",
        "@polymer/iron-a11y-keys-behavior": "^3.0.0-pre.15",
        "@polymer/iron-media-query": "^3.0.0-pre.15",
        "@polymer/iron-resizable-behavior": "^3.0.0-pre.15",
        "@polymer/polymer": "^3.0.0-pre.13",
        "@vaadin/vaadin-button": "^2.0.0-pre.2",
        "@vaadin/vaadin-control-state-mixin": "^2.0.3-pre.2",
        "@vaadin/vaadin-element-mixin": "^1.0.2-pre.2",
        "@vaadin/vaadin-lumo-styles": "^1.0.0-pre.4",
        "@vaadin/vaadin-overlay": "^3.0.2-pre.1",
        "@vaadin/vaadin-text-field": "^2.0.1-pre.1",
        "@vaadin/vaadin-themable-mixin": "^1.1.5-pre.2"
      }
    },
    "@vaadin/vaadin-development-mode-detector": {
      "version": "1.0.3-pre.6",
      "resolved": "https://registry.npmjs.org/@vaadin/vaadin-development-mode-detector/-/vaadin-development-mode-detector-1.0.3-pre.6.tgz",
      "integrity": "sha512-+y8yFs3xY+IX5a0z15gAwDNwQfqwhyPcqqOYh1I0VkmxFwG4SCL8Nxw+930f39+6Yhpdxjnncrv3CvSxZANEww==",
      "requires": {
        "@polymer/polymer": "^3.0.0-pre.13"
      }
    },
    "@vaadin/vaadin-element-mixin": {
      "version": "1.0.2-pre.3",
      "resolved": "https://registry.npmjs.org/@vaadin/vaadin-element-mixin/-/vaadin-element-mixin-1.0.2-pre.3.tgz",
      "integrity": "sha512-CTxjCKMUKmlPtIcTo4N7JpNDrv6hpqPPQri5fMoOKBUC+ChV7x//+Y1kJsLLYIgHm+/f5TpeODO06mAKwVobOA==",
      "requires": {
        "@polymer/polymer": "^3.0.0-pre.13",
        "@vaadin/vaadin-development-mode-detector": "^1.0.3-pre.4",
        "@vaadin/vaadin-usage-statistics": "^1.0.6-pre.2"
      }
    },
    "@vaadin/vaadin-lumo-styles": {
      "version": "1.0.0-pre.6",
      "resolved": "https://registry.npmjs.org/@vaadin/vaadin-lumo-styles/-/vaadin-lumo-styles-1.0.0-pre.6.tgz",
      "integrity": "sha512-yaS2eNEPbdvJnLDHt7TOXW2kdaUcs/EW9DmsJKWLCCsVwKbyfIgNIx+tLFL//aCFWODnQFbyxxZqT48GBHEHwA==",
      "requires": {
        "@polymer/iron-icon": "^3.0.0-pre.15",
        "@polymer/iron-iconset-svg": "^3.0.0-pre.15",
        "@polymer/polymer": "^3.0.0-pre.13"
      }
    },
    "@vaadin/vaadin-overlay": {
      "version": "3.0.2-pre.3",
      "resolved": "https://registry.npmjs.org/@vaadin/vaadin-overlay/-/vaadin-overlay-3.0.2-pre.3.tgz",
      "integrity": "sha512-sAzD8Z1vKU1nOWiFO+4t4QvHDQ7Co2iWiHJ7v7P4z6rKAa2FpDceVh5FUFZiuPH7b0aic1ZhI0NXUmb+WYXFow==",
      "requires": {
        "@polymer/iron-overlay-behavior": "^3.0.0-pre.18",
        "@polymer/polymer": "^3.0.0",
        "@vaadin/vaadin-lumo-styles": "^1.0.0-pre.6",
        "@vaadin/vaadin-themable-mixin": "^1.1.5-pre.3"
      }
    },
    "@vaadin/vaadin-text-field": {
      "version": "2.0.1-pre.2",
      "resolved": "https://registry.npmjs.org/@vaadin/vaadin-text-field/-/vaadin-text-field-2.0.1-pre.2.tgz",
      "integrity": "sha512-OieYCOSqVPoOQUm5DkfavV4EkfGAzJfYoAJJ2F0hfjKBR371mUJqIj7ErVNh+LxmbqQL++tD2JN8I92gob9vMw==",
      "requires": {
        "@polymer/polymer": "^3.0.0-pre.13",
        "@vaadin/vaadin-control-state-mixin": "^2.0.3-pre.2",
        "@vaadin/vaadin-element-mixin": "^1.0.2-pre.2",
        "@vaadin/vaadin-lumo-styles": "^1.0.0-pre.4",
        "@vaadin/vaadin-themable-mixin": "^1.1.5-pre.2"
      }
    },
    "@vaadin/vaadin-themable-mixin": {
      "version": "1.1.5-pre.4",
      "resolved": "https://registry.npmjs.org/@vaadin/vaadin-themable-mixin/-/vaadin-themable-mixin-1.1.5-pre.4.tgz",
      "integrity": "sha512-QlxFAGHkUrjTCn4frgHN7ECrupZIt0RSLOu1NZ6XQrkK5uy5S3uqb7j4C2C4C1KBO0/3EuTMtyhao4xLbHdvWg==",
      "requires": {
        "@polymer/polymer": "^3.0.0"
      }
    },
    "@vaadin/vaadin-usage-statistics": {
      "version": "1.0.6-pre.2",
      "resolved": "https://registry.npmjs.org/@vaadin/vaadin-usage-statistics/-/vaadin-usage-statistics-1.0.6-pre.2.tgz",
      "integrity": "sha512-QGBb57xsBFd2biMUQTNjMGHjRio4rGvt1xLKZ9zt+rClvv91p8e8lYaeXtZ32on7vhEeyi+8077X7Zx7KJ4q5w==",
      "requires": {
        "@polymer/polymer": "^3.0.0-pre.12",
        "@vaadin/vaadin-development-mode-detector": "^1.0.3-pre.1"
      }
    },
    "@webcomponents/shadycss": {
      "version": "1.2.1",
      "resolved": "https://registry.npmjs.org/@webcomponents/shadycss/-/shadycss-1.2.1.tgz",
      "integrity": "sha512-ZnjFb1Wf81CqMgs1dbT6JT6N4nY32bs2r5YC/5GSIb/ozJGR+UYs3ldJxtk1v5uZzPRIsAWv7wYSJcCp6ml8+A=="
    },
    "@webcomponents/webcomponentsjs": {
      "version": "1.2.0",
      "resolved": "https://registry.npmjs.org/@webcomponents/webcomponentsjs/-/webcomponentsjs-1.2.0.tgz",
      "integrity": "sha512-P9JWydfpBR+CK12UwtBaoD/lYF3PR9XBArAWk5J9nfPaJwA3OUox4StZmyFSVDLsvpFq5HsEtxU/OdHAlAWPnw=="
    },
    "moment": {
      "version": "2.22.1",
      "resolved": "https://registry.npmjs.org/moment/-/moment-2.22.1.tgz",
      "integrity": "sha512-shJkRTSebXvsVqk56I+lkb2latjBs8I+pc2TzWc545y2iFnSjm7Wg0QMh+ZWcdSLQyGEau5jI8ocnmkyTgr9YQ=="
    },
    "web-animations-js": {
      "version": "2.3.1",
      "resolved": "https://registry.npmjs.org/web-animations-js/-/web-animations-js-2.3.1.tgz",
      "integrity": "sha1-Om2bwVGWN3qQ+OKAP6UmIWWwRRA="
    }
  }
}
